
Microsoft Visual Studio Solution File, Format Version 12.00
# Visual Studio Version 16
VisualStudioVersion = 16.0.31729.503
MinimumVisualStudioVersion = 10.0.40219.1
Project("{9A19103F-16F7-4668-BE54-9A1E7A4F7556}") = "SharpDivert", "SharpDivert\SharpDivert.csproj", "{8F8714D8-8F57-429C-89E1-709FE4237E4F}"
EndProject
Project("{2150E333-8FDC-42A3-9474-1A3956D46DE8}") = "Solution Items", "Solution Items", "{41730B9B-024B-47EB-85CA-1A4C8218197C}"
	ProjectSection(SolutionItems) = preProject
		.editorconfig = .editorconfig
	EndProjectSection
EndProject
Project("{9A19103F-16F7-4668-BE54-9A1E7A4F7556}") = "SharpDivertTests", "SharpDivertTests\SharpDivertTests.csproj", "{B994809F-7080-4065-A46C-161D41B2C558}"
EndProject
Project("{FAE04EC0-301F-11D3-BF4B-00C04F79EFBC}") = "SharpDivertSample", "SharpDivertSample\SharpDivertSample.csproj", "{CDF8F664-AE95-4E6C-B070-31E369C90CB8}"
EndProject
Global
	GlobalSection(SolutionConfigurationPlatforms) = preSolution
		Debug|Any CPU = Debug|Any CPU
		Release|Any CPU = Release|Any CPU
	EndGlobalSection
	GlobalSection(ProjectConfigurationPlatforms) = postSolution
		{8F8714D8-8F57-429C-89E1-709FE4237E4F}.Debug|Any CPU.ActiveCfg = Debug|Any CPU
		{8F8714D8-8F57-429C-89E1-709FE4237E4F}.Debug|Any CPU.Build.0 = Debug|Any CPU
		{8F8714D8-8F57-429C-89E1-709FE4237E4F}.Release|Any CPU.ActiveCfg = Release|Any CPU
		{8F8714D8-8F57-429C-89E1-709FE4237E4F}.Release|Any CPU.Build.0 = Release|Any CPU
		{B994809F-7080-4065-A46C-161D41B2C558}.Debug|Any CPU.ActiveCfg = Debug|Any CPU
		{B994809F-7080-4065-A46C-161D41B2C558}.Debug|Any CPU.Build.0 = Debug|Any CPU
		{B994809F-7080-4065-A46C-161D41B2C558}.Release|Any CPU.ActiveCfg = Release|Any CPU
		{B994809F-7080-4065-A46C-161D41B2C558}.Release|Any CPU.Build.0 = Release|Any CPU
		{CDF8F664-AE95-4E6C-B070-31E369C90CB8}.Debug|Any CPU.ActiveCfg = Debug|Any CPU
		{CDF8F664-AE95-4E6C-B070-31E369C90CB8}.Debug|Any CPU.Build.0 = Debug|Any CPU
		{CDF8F664-AE95-4E6C-B070-31E369C90CB8}.Release|Any CPU.ActiveCfg = Release|Any CPU
		{CDF8F664-AE95-4E6C-B070-31E369C90CB8}.Release|Any CPU.Build.0 = Release|Any CPU
	EndGlobalSection
	GlobalSection(SolutionProperties) = preSolution
		HideSolutionNode = FALSE
	EndGlobalSection
	GlobalSection(ExtensibilityGlobals) = postSolution
		SolutionGuid = {CF96D858-CD1D-4F6C-83BB-6626D89B7CED}
	EndGlobalSection
EndGlobal
